github.com/santiago-rodrig/greetings v0.0.0-20210522021548-b0b3dd7f9f58 h1:3tkRP5BuyyVuBZUIpPdANaCsjjlzeOLzOtReUJ7orD0=
github.com/santiago-rodrig/greetings v0.0.0-20210522021548-b0b3dd7f9f58/go.mod h1:wGrQq8UXG8vSM7Jr8YqCN/ZSWNEqqt5VG9ebsxS1cn0=
github.com/santiago-rodrig/greetings v0.1.0 h1:B307uP9kvdaAsuKp4jpM/efF5EYGQ+gmPAnBWgb3z1U=
github.com/santiago-rodrig/greetings v0.1.0/go.mod h1:wGrQq8UXG8vSM7Jr8YqCN/ZSWNEqqt5VG9ebsxS1cn0=
